
Microsoft Visual Studio Solution File, Format Version 12.00
# Visual Studio Version 16
VisualStudioVersion = 16.0.28803.916
MinimumVisualStudioVersion = 10.0.40219.1
Project("{FAE04EC0-301F-11D3-BF4B-00C04F79EFBC}") = "Dasigno.Api", "Dasigno.Api\Dasigno.Api.csproj", "{EEB55FC3-43DD-4346-AC9B-EE9844B01FC0}"
EndProject
Project("{FAE04EC0-301F-11D3-BF4B-00C04F79EFBC}") = "Dasigno.Core", "Dasigno.Core\Dasigno.Core.csproj", "{64A1BED4-CA41-4154-85BA-68AF35AD2C92}"
EndProject
Global
	GlobalSection(SolutionConfigurationPlatforms) = preSolution
		Debug|Any CPU = Debug|Any CPU
		Release|Any CPU = Release|Any CPU
	EndGlobalSection
	GlobalSection(ProjectConfigurationPlatforms) = postSolution
		{EEB55FC3-43DD-4346-AC9B-EE9844B01FC0}.Debug|Any CPU.ActiveCfg = Debug|Any CPU
		{EEB55FC3-43DD-4346-AC9B-EE9844B01FC0}.Debug|Any CPU.Build.0 = Debug|Any CPU
		{EEB55FC3-43DD-4346-AC9B-EE9844B01FC0}.Release|Any CPU.ActiveCfg = Release|Any CPU
		{EEB55FC3-43DD-4346-AC9B-EE9844B01FC0}.Release|Any CPU.Build.0 = Release|Any CPU
		{64A1BED4-CA41-4154-85BA-68AF35AD2C92}.Debug|Any CPU.ActiveCfg = Debug|Any CPU
		{64A1BED4-CA41-4154-85BA-68AF35AD2C92}.Debug|Any CPU.Build.0 = Debug|Any CPU
		{64A1BED4-CA41-4154-85BA-68AF35AD2C92}.Release|Any CPU.ActiveCfg = Release|Any CPU
		{64A1BED4-CA41-4154-85BA-68AF35AD2C92}.Release|Any CPU.Build.0 = Release|Any CPU
	EndGlobalSection
	GlobalSection(SolutionProperties) = preSolution
		HideSolutionNode = FALSE
	EndGlobalSection
	GlobalSection(ExtensibilityGlobals) = postSolution
		SolutionGuid = {697DFCCE-3B2F-42F4-8326-51DB1B86622B}
	EndGlobalSection
EndGlobal
